
Microsoft Visual Studio Solution File, Format Version 12.00
# Visual Studio Version 17
VisualStudioVersion = 17.3.32804.467
MinimumVisualStudioVersion = 10.0.40219.1
Project("{9A19103F-16F7-4668-BE54-9A1E7A4F7556}") = "FileManager", "FileManager.csproj", "{F1168525-B0AF-496D-B64D-B68BC882A3E8}"
EndProject
Global
	GlobalSection(SolutionConfigurationPlatforms) = preSolution
		Debug|Any CPU = Debug|Any CPU
		Release|Any CPU = Release|Any CPU
	EndGlobalSection
	GlobalSection(ProjectConfigurationPlatforms) = postSolution
		{F1168525-B0AF-496D-B64D-B68BC882A3E8}.Debug|Any CPU.ActiveCfg = Debug|Any CPU
		{F1168525-B0AF-496D-B64D-B68BC882A3E8}.Debug|Any CPU.Build.0 = Debug|Any CPU
		{F1168525-B0AF-496D-B64D-B68BC882A3E8}.Release|Any CPU.ActiveCfg = Release|Any CPU
		{F1168525-B0AF-496D-B64D-B68BC882A3E8}.Release|Any CPU.Build.0 = Release|Any CPU
	EndGlobalSection
	GlobalSection(SolutionProperties) = preSolution
		HideSolutionNode = FALSE
	EndGlobalSection
	GlobalSection(ExtensibilityGlobals) = postSolution
		SolutionGuid = {6793AC50-60E3-455A-92BE-E81DBA729295}
	EndGlobalSection
EndGlobal
